
Microsoft Visual Studio Solution File, Format Version 12.00
# Visual Studio Version 17
VisualStudioVersion = 17.1.32407.343
MinimumVisualStudioVersion = 10.0.40219.1
Project("{9A19103F-16F7-4668-BE54-9A1E7A4F7556}") = "Notify-SMS", "Notify-SMS\Notify-SMS.csproj", "{B493BE98-A61B-4579-A5C0-32319A7B7EA3}"
EndProject

Global
	GlobalSection(SolutionConfigurationPlatforms) = preSolution
		Debug|Any CPU = Debug|Any CPU
		Release|Any CPU = Release|Any CPU
	EndGlobalSection
	GlobalSection(ProjectConfigurationPlatforms) = postSolution
		{B493BE98-A61B-4579-A5C0-32319A7B7EA3}.Debug|Any CPU.ActiveCfg = Debug|Any CPU
		{B493BE98-A61B-4579-A5C0-32319A7B7EA3}.Debug|Any CPU.Build.0 = Debug|Any CPU
		{B493BE98-A61B-4579-A5C0-32319A7B7EA3}.Release|Any CPU.ActiveCfg = Release|Any CPU
		{B493BE98-A61B-4579-A5C0-32319A7B7EA3}.Release|Any CPU.Build.0 = Release|Any CPU
		{33C2F75F-6A35-4B13-9FA2-19084795B8DF}.Debug|Any CPU.ActiveCfg = Debug|Any CPU
		{33C2F75F-6A35-4B13-9FA2-19084795B8DF}.Debug|Any CPU.Build.0 = Debug|Any CPU
		{33C2F75F-6A35-4B13-9FA2-19084795B8DF}.Release|Any CPU.ActiveCfg = Release|Any CPU
		{33C2F75F-6A35-4B13-9FA2-19084795B8DF}.Release|Any CPU.Build.0 = Release|Any CPU
	EndGlobalSection
	GlobalSection(SolutionProperties) = preSolution
		HideSolutionNode = FALSE
	EndGlobalSection
	GlobalSection(ExtensibilityGlobals) = postSolution
		SolutionGuid = {F4616B29-08A1-4DE2-9EBA-32FC6276FAD3}
	EndGlobalSection
EndGlobal
